
Microsoft Visual Studio Solution File, Format Version 12.00
# Visual Studio 15
VisualStudioVersion = 15.0.28307.1525
MinimumVisualStudioVersion = 10.0.40219.1
Project("{FAE04EC0-301F-11D3-BF4B-00C04F79EFBC}") = "DungeonApp", "DungeonApp\DungeonApp.csproj", "{FB0B0328-972A-4B7B-95D5-DFE05DF4F853}"
EndProject
Global
	GlobalSection(SolutionConfigurationPlatforms) = preSolution
		Debug|Any CPU = Debug|Any CPU
		Release|Any CPU = Release|Any CPU
	EndGlobalSection
	GlobalSection(ProjectConfigurationPlatforms) = postSolution
		{FB0B0328-972A-4B7B-95D5-DFE05DF4F853}.Debug|Any CPU.ActiveCfg = Debug|Any CPU
		{FB0B0328-972A-4B7B-95D5-DFE05DF4F853}.Debug|Any CPU.Build.0 = Debug|Any CPU
		{FB0B0328-972A-4B7B-95D5-DFE05DF4F853}.Release|Any CPU.ActiveCfg = Release|Any CPU
		{FB0B0328-972A-4B7B-95D5-DFE05DF4F853}.Release|Any CPU.Build.0 = Release|Any CPU
	EndGlobalSection
	GlobalSection(SolutionProperties) = preSolution
		HideSolutionNode = FALSE
	EndGlobalSection
	GlobalSection(ExtensibilityGlobals) = postSolution
		SolutionGuid = {57BCB5B1-645A-44CA-9A5C-88A3CAED8B42}
	EndGlobalSection
EndGlobal
